
Microsoft Visual Studio Solution File, Format Version 12.00
# Visual Studio 15
VisualStudioVersion = 15.0.28010.2016
MinimumVisualStudioVersion = 10.0.40219.1
Project("{9A19103F-16F7-4668-BE54-9A1E7A4F7556}") = "FinApp", "FinApp\FinApp.csproj", "{E7E7B246-A84C-4D0B-B790-997A093FAD0C}"
EndProject
Project("{9A19103F-16F7-4668-BE54-9A1E7A4F7556}") = "DAL", "Data\DAL.csproj", "{81A6F06F-642D-4EAF-AECC-5853FD489938}"
EndProject
Project("{9A19103F-16F7-4668-BE54-9A1E7A4F7556}") = "BLL", "BLL\BLL.csproj", "{2B16BD91-1607-4243-8F14-8E986C248885}"
EndProject
Global
	GlobalSection(SolutionConfigurationPlatforms) = preSolution
		Debug|Any CPU = Debug|Any CPU
		Release|Any CPU = Release|Any CPU
	EndGlobalSection
	GlobalSection(ProjectConfigurationPlatforms) = postSolution
		{E7E7B246-A84C-4D0B-B790-997A093FAD0C}.Debug|Any CPU.ActiveCfg = Debug|Any CPU
		{E7E7B246-A84C-4D0B-B790-997A093FAD0C}.Debug|Any CPU.Build.0 = Debug|Any CPU
		{E7E7B246-A84C-4D0B-B790-997A093FAD0C}.Release|Any CPU.ActiveCfg = Release|Any CPU
		{E7E7B246-A84C-4D0B-B790-997A093FAD0C}.Release|Any CPU.Build.0 = Release|Any CPU
		{81A6F06F-642D-4EAF-AECC-5853FD489938}.Debug|Any CPU.ActiveCfg = Debug|Any CPU
		{81A6F06F-642D-4EAF-AECC-5853FD489938}.Debug|Any CPU.Build.0 = Debug|Any CPU
		{81A6F06F-642D-4EAF-AECC-5853FD489938}.Release|Any CPU.ActiveCfg = Release|Any CPU
		{81A6F06F-642D-4EAF-AECC-5853FD489938}.Release|Any CPU.Build.0 = Release|Any CPU
		{2B16BD91-1607-4243-8F14-8E986C248885}.Debug|Any CPU.ActiveCfg = Debug|Any CPU
		{2B16BD91-1607-4243-8F14-8E986C248885}.Debug|Any CPU.Build.0 = Debug|Any CPU
		{2B16BD91-1607-4243-8F14-8E986C248885}.Release|Any CPU.ActiveCfg = Release|Any CPU
		{2B16BD91-1607-4243-8F14-8E986C248885}.Release|Any CPU.Build.0 = Release|Any CPU
	EndGlobalSection
	GlobalSection(SolutionProperties) = preSolution
		HideSolutionNode = FALSE
	EndGlobalSection
	GlobalSection(ExtensibilityGlobals) = postSolution
		SolutionGuid = {30C0CB8C-0EFF-44A5-A3D5-132C8D3A08D8}
	EndGlobalSection
EndGlobal
